# This file is automatically @generated by Cargo.
# It is not intended for manual editing.
[[package]]
name = "ansi_term"
version = "0.11.0"
source = "registry+https://github.com/rust-lang/crates.io-index"
checksum = "ee49baf6cb617b853aa8d93bf420db2383fab46d314482ca2803b40d5fde979b"
dependencies = [
 "winapi",
]

[[package]]
name = "atty"
version = "0.2.14"
source = "registry+https://github.com/rust-lang/crates.io-index"
checksum = "d9b39be18770d11421cdb1b9947a45dd3f37e93092cbf377614828a319d5fee8"
dependencies = [
 "hermit-abi",
 "libc",
 "winapi",
]

[[package]]
name = "autocfg"
version = "1.0.0"
source = "registry+https://github.com/rust-lang/crates.io-index"
checksum = "f8aac770f1885fd7e387acedd76065302551364496e46b3dd00860b2f8359b9d"

[[package]]
name = "bitflags"
version = "1.2.1"
source = "registry+https://github.com/rust-lang/crates.io-index"
checksum = "cf1de2fe8c75bc145a2f577add951f8134889b4795d47466a54a5c846d691693"

[[package]]
name = "bitvec"
version = "0.19.3"
source = "registry+https://github.com/rust-lang/crates.io-index"
checksum = "11593270830d9b037fbead730bb0c05ef6fbf6be55537a1e8e5892edef7e1f03"
dependencies = [
 "funty",
 "radium",
 "tap",
 "wyz",
]

[[package]]
name = "clap"
version = "2.33.0"
source = "registry+https://github.com/rust-lang/crates.io-index"
checksum = "5067f5bb2d80ef5d68b4c87db81601f0b75bca627bc2ef76b141d7b846a3c6d9"
dependencies = [
 "ansi_term",
 "atty",
 "bitflags",
 "strsim",
 "textwrap",
 "unicode-width",
 "vec_map",
]

[[package]]
name = "funty"
version = "1.0.1"
source = "registry+https://github.com/rust-lang/crates.io-index"
checksum = "0ba62103ce691c2fd80fbae2213dfdda9ce60804973ac6b6e97de818ea7f52c8"

[[package]]
name = "hermit-abi"
version = "0.1.12"
source = "registry+https://github.com/rust-lang/crates.io-index"
checksum = "61565ff7aaace3525556587bd2dc31d4a07071957be715e63ce7b1eccf51a8f4"
dependencies = [
 "libc",
]

[[package]]
name = "hex"
version = "0.4.2"
source = "registry+https://github.com/rust-lang/crates.io-index"
checksum = "644f9158b2f133fd50f5fb3242878846d9eb792e445c893805ff0e3824006e35"

[[package]]
name = "libc"
version = "0.2.69"
source = "registry+https://github.com/rust-lang/crates.io-index"
checksum = "99e85c08494b21a9054e7fe1374a732aeadaff3980b6990b94bfd3a70f690005"

[[package]]
name = "num-traits"
version = "0.2.11"
source = "registry+https://github.com/rust-lang/crates.io-index"
checksum = "c62be47e61d1842b9170f0fdeec8eba98e60e90e5446449a0545e5152acd7096"
dependencies = [
 "autocfg",
]

[[package]]
name = "num_enum"
version = "0.2.3"
source = "registry+https://github.com/rust-lang/crates.io-index"
checksum = "fae2a63210048cf77ceb6031b3f87ac69e4a68cfaacb17a0261e141c4bc8467b"
dependencies = [
 "proc-macro2 0.4.30",
 "quote 0.6.13",
 "syn 0.15.44",
]

[[package]]
name = "numtoa"
version = "0.1.0"
source = "registry+https://github.com/rust-lang/crates.io-index"
checksum = "b8f8bdf33df195859076e54ab11ee78a1b208382d3a26ec40d142ffc1ecc49ef"

[[package]]
name = "proc-macro2"
version = "0.4.30"
source = "registry+https://github.com/rust-lang/crates.io-index"
checksum = "cf3d2011ab5c909338f7887f4fc896d35932e29146c12c8d01da6b22a80ba759"
dependencies = [
 "unicode-xid 0.1.0",
]

[[package]]
name = "proc-macro2"
version = "1.0.12"
source = "registry+https://github.com/rust-lang/crates.io-index"
checksum = "8872cf6f48eee44265156c111456a700ab3483686b3f96df4cf5481c89157319"
dependencies = [
 "unicode-xid 0.2.0",
]

[[package]]
name = "quote"
version = "0.6.13"
source = "registry+https://github.com/rust-lang/crates.io-index"
checksum = "6ce23b6b870e8f94f81fb0a363d65d86675884b34a09043c81e5562f11c1f8e1"
dependencies = [
 "proc-macro2 0.4.30",
]

[[package]]
name = "quote"
version = "1.0.4"
source = "registry+https://github.com/rust-lang/crates.io-index"
checksum = "4c1f4b0efa5fc5e8ceb705136bfee52cfdb6a4e3509f770b478cd6ed434232a7"
dependencies = [
 "proc-macro2 1.0.12",
]

[[package]]
name = "radium"
version = "0.5.3"
source = "registry+https://github.com/rust-lang/crates.io-index"
checksum = "941ba9d78d8e2f7ce474c015eea4d9c6d25b6a3327f9832ee29a4de27f91bbb8"

[[package]]
name = "redox_syscall"
version = "0.1.56"
source = "registry+https://github.com/rust-lang/crates.io-index"
checksum = "2439c63f3f6139d1b57529d16bc3b8bb855230c8efcc5d3a896c8bea7c3b1e84"

[[package]]
name = "redox_termios"
version = "0.1.1"
source = "registry+https://github.com/rust-lang/crates.io-index"
checksum = "7e891cfe48e9100a70a3b6eb652fef28920c117d366339687bd5576160db0f76"
dependencies = [
 "redox_syscall",
]

[[package]]
name = "serde"
version = "1.0.106"
source = "registry+https://github.com/rust-lang/crates.io-index"
checksum = "36df6ac6412072f67cf767ebbde4133a5b2e88e76dc6187fa7104cd16f783399"

[[package]]
name = "serde_derive"
version = "1.0.106"
source = "registry+https://github.com/rust-lang/crates.io-index"
checksum = "9e549e3abf4fb8621bd1609f11dfc9f5e50320802273b12f3811a67e6716ea6c"
dependencies = [
 "proc-macro2 1.0.12",
 "quote 1.0.4",
 "syn 1.0.18",
]

[[package]]
name = "strsim"
version = "0.8.0"
source = "registry+https://github.com/rust-lang/crates.io-index"
checksum = "8ea5119cdb4c55b55d432abb513a0429384878c15dde60cc77b1c99de1a95a6a"

[[package]]
name = "syn"
version = "0.15.44"
source = "registry+https://github.com/rust-lang/crates.io-index"
checksum = "9ca4b3b69a77cbe1ffc9e198781b7acb0c7365a883670e8f1c1bc66fba79a5c5"
dependencies = [
 "proc-macro2 0.4.30",
 "quote 0.6.13",
 "unicode-xid 0.1.0",
]

[[package]]
name = "syn"
version = "1.0.18"
source = "registry+https://github.com/rust-lang/crates.io-index"
checksum = "410a7488c0a728c7ceb4ad59b9567eb4053d02e8cc7f5c0e0eeeb39518369213"
dependencies = [
 "proc-macro2 1.0.12",
 "quote 1.0.4",
 "unicode-xid 0.2.0",
]

[[package]]
name = "tap"
version = "1.0.0"
source = "registry+https://github.com/rust-lang/crates.io-index"
checksum = "36474e732d1affd3a6ed582781b3683df3d0563714c59c39591e8ff707cf078e"

[[package]]
name = "termion"
version = "1.5.5"
source = "registry+https://github.com/rust-lang/crates.io-index"
checksum = "c22cec9d8978d906be5ac94bceb5a010d885c626c4c8855721a4dbd20e3ac905"
dependencies = [
 "libc",
 "numtoa",
 "redox_syscall",
 "redox_termios",
]

[[package]]
name = "textwrap"
version = "0.11.0"
source = "registry+https://github.com/rust-lang/crates.io-index"
checksum = "d326610f408c7a4eb6f51c37c330e496b08506c9457c9d34287ecc38809fb060"
dependencies = [
 "unicode-width",
]

[[package]]
name = "unicode-width"
version = "0.1.7"
source = "registry+https://github.com/rust-lang/crates.io-index"
checksum = "caaa9d531767d1ff2150b9332433f32a24622147e5ebb1f26409d5da67afd479"

[[package]]
name = "unicode-xid"
version = "0.1.0"
source = "registry+https://github.com/rust-lang/crates.io-index"
checksum = "fc72304796d0818e357ead4e000d19c9c174ab23dc11093ac919054d20a6a7fc"

[[package]]
name = "unicode-xid"
version = "0.2.0"
source = "registry+https://github.com/rust-lang/crates.io-index"
checksum = "826e7639553986605ec5979c7dd957c7895e93eabed50ab2ffa7f6128a75097c"

[[package]]
name = "vec_map"
version = "0.8.1"
source = "registry+https://github.com/rust-lang/crates.io-index"
checksum = "05c78687fb1a80548ae3250346c3db86a80a7cdd77bda190189f2d0a0987c81a"

[[package]]
name = "winapi"
version = "0.3.8"
source = "registry+https://github.com/rust-lang/crates.io-index"
checksum = "8093091eeb260906a183e6ae1abdba2ef5ef2257a21801128899c3fc699229c6"
dependencies = [
 "winapi-i686-pc-windows-gnu",
 "winapi-x86_64-pc-windows-gnu",
]

[[package]]
name = "winapi-i686-pc-windows-gnu"
version = "0.4.0"
source = "registry+https://github.com/rust-lang/crates.io-index"
checksum = "ac3b87c63620426dd9b991e5ce0329eff545bccbbb34f3be09ff6fb6ab51b7b6"

[[package]]
name = "winapi-x86_64-pc-windows-gnu"
version = "0.4.0"
source = "registry+https://github.com/rust-lang/crates.io-index"
checksum = "712e227841d057c1ee1cd2fb22fa7e5a5461ae8e48fa2ca79ec42cfc1931183f"

[[package]]
name = "wyz"
version = "0.2.0"
source = "registry+https://github.com/rust-lang/crates.io-index"
checksum = "85e60b0d1b5f99db2556934e21937020776a5d31520bf169e851ac44e6420214"

[[package]]
name = "yaxpeax-arch"
version = "0.0.4"
source = "registry+https://github.com/rust-lang/crates.io-index"
checksum = "2d4d184a208255bb62f2d55c3875ee3fe459f2b8d9190b8427986b91d11ced7f"
dependencies = [
 "num-traits",
 "serde",
 "serde_derive",
 "termion",
]

[[package]]
name = "yaxpeax-arm"
version = "0.0.4"
source = "registry+https://github.com/rust-lang/crates.io-index"
checksum = "2bbd9ff5d85124b77a3c251585a72ab7db55af2ef2b178f43501c975005a21ad"
dependencies = [
 "serde",
 "serde_derive",
 "yaxpeax-arch",
]

[[package]]
name = "yaxpeax-avr"
version = "0.0.2"
source = "registry+https://github.com/rust-lang/crates.io-index"
checksum = "16a767283270a42006714135ba24b6d0ca6282d802e3bb553569143fea948641"
dependencies = [
 "yaxpeax-arch",
]

[[package]]
name = "yaxpeax-dis"
version = "0.2.3"
dependencies = [
 "clap",
 "hex",
 "num-traits",
 "yaxpeax-arch",
 "yaxpeax-arm",
 "yaxpeax-avr",
 "yaxpeax-ia64",
 "yaxpeax-m16c",
 "yaxpeax-mips",
 "yaxpeax-msp430",
 "yaxpeax-pic17",
 "yaxpeax-pic18",
 "yaxpeax-superh",
 "yaxpeax-x86",
]

[[package]]
name = "yaxpeax-ia64"
version = "0.1.3"
source = "registry+https://github.com/rust-lang/crates.io-index"
checksum = "c30aa31831bd95d03a6c0f03b3f24a4beba1ec577be36da789df9b5ad3cb828a"
dependencies = [
 "bitvec",
 "yaxpeax-arch",
]

[[package]]
name = "yaxpeax-m16c"
version = "0.0.3"
source = "registry+https://github.com/rust-lang/crates.io-index"
checksum = "b521aff3978cf531339f6ed9ad695f7e056ce386000a3df185f67114b6e541fe"
dependencies = [
 "num-traits",
 "serde",
 "serde_derive",
 "yaxpeax-arch",
]

[[package]]
name = "yaxpeax-mips"
version = "0.0.3"
source = "registry+https://github.com/rust-lang/crates.io-index"
checksum = "cee69235e33a2ca10d3cf8ee9489f1afc626f74d1de9c35519f2b74c9dbd9a03"
dependencies = [
 "num_enum",
 "termion",
 "yaxpeax-arch",
]

[[package]]
name = "yaxpeax-msp430"
version = "0.0.5"
source = "registry+https://github.com/rust-lang/crates.io-index"
checksum = "d556fe4705aaadc1e14375550e6f344976958f930580adf32388c150cb8e1f24"
dependencies = [
 "termion",
 "yaxpeax-arch",
]

[[package]]
name = "yaxpeax-pic17"
version = "0.0.3"
source = "registry+https://github.com/rust-lang/crates.io-index"
checksum = "cb949b4c5d7afb8210cbaa3d1f2153d12bcac9dd81167dc6275f9f0fb243fb98"
dependencies = [
 "termion",
 "yaxpeax-arch",
]

[[package]]
name = "yaxpeax-pic18"
version = "0.0.3"
source = "registry+https://github.com/rust-lang/crates.io-index"
checksum = "3f5a722e1de4671c1cfe46f54ebe21fe3233823e62d8cc33d698f50b5fcf2e19"
dependencies = [
 "yaxpeax-arch",
]

[[package]]
name = "yaxpeax-superh"
version = "0.1.0"
source = "registry+https://github.com/rust-lang/crates.io-index"
checksum = "02789f779dd874674062a7407a1faadcb4dbbb70b313b465a2bdbb562bb4d1f7"
dependencies = [
 "yaxpeax-arch",
]

[[package]]
name = "yaxpeax-x86"
version = "0.1.5"
source = "registry+https://github.com/rust-lang/crates.io-index"
checksum = "84e59dbce1199c094a26c5eac53124375851ca5023e1227b0fa4447fc2508af7"
dependencies = [
 "num-traits",
 "serde",
 "serde_derive",
 "yaxpeax-arch",
]
