# This file is automatically @generated by Cargo.
# It is not intended for manual editing.
version = 3

[[package]]
name = "atty"
version = "0.2.14"
source = "registry+https://github.com/rust-lang/crates.io-index"
checksum = "d9b39be18770d11421cdb1b9947a45dd3f37e93092cbf377614828a319d5fee8"
dependencies = [
 "hermit-abi",
 "libc",
 "winapi",
]

[[package]]
name = "autocfg"
version = "1.0.1"
source = "registry+https://github.com/rust-lang/crates.io-index"
checksum = "cdb031dd78e28731d87d56cc8ffef4a8f36ca26c38fe2de700543e627f8a464a"

[[package]]
name = "bitflags"
version = "1.3.2"
source = "registry+https://github.com/rust-lang/crates.io-index"
checksum = "bef38d45163c2f1dde094a7dfd33ccf595c92905c8f8f4fdc18d06fb1037718a"

[[package]]
name = "bitvec"
version = "0.19.6"
source = "registry+https://github.com/rust-lang/crates.io-index"
checksum = "55f93d0ef3363c364d5976646a38f04cf67cfe1d4c8d160cdea02cab2c116b33"
dependencies = [
 "funty",
 "radium",
 "tap",
 "wyz",
]

[[package]]
name = "cfg-if"
version = "1.0.0"
source = "registry+https://github.com/rust-lang/crates.io-index"
checksum = "baf1de4339761588bc0619e3cbc0120ee582ebb74b53b4efbf79117bd2da40fd"

[[package]]
name = "clap"
version = "3.0.4"
source = "registry+https://github.com/rust-lang/crates.io-index"
checksum = "d01c9347757e131122b19cd19a05c85805b68c2352a97b623efdc3c295290299"
dependencies = [
 "atty",
 "bitflags",
 "clap_derive",
 "indexmap",
 "lazy_static",
 "os_str_bytes",
 "strsim",
 "termcolor",
 "textwrap",
]

[[package]]
name = "clap_derive"
version = "3.0.2"
source = "registry+https://github.com/rust-lang/crates.io-index"
checksum = "448c8b00367288ad41804ac7a9e0fe58f2324a36901cb5d6b6db58be86d1db8f"
dependencies = [
 "heck",
 "proc-macro-error",
 "proc-macro2 1.0.36",
 "quote 1.0.14",
 "syn 1.0.84",
]

[[package]]
name = "either"
version = "1.6.1"
source = "registry+https://github.com/rust-lang/crates.io-index"
checksum = "e78d4f1cc4ae33bbfc157ed5d5a5ef3bc29227303d595861deb238fcec4e9457"

[[package]]
name = "funty"
version = "1.1.0"
source = "registry+https://github.com/rust-lang/crates.io-index"
checksum = "fed34cd105917e91daa4da6b3728c47b068749d6a62c59811f06ed2ac71d9da7"

[[package]]
name = "hashbrown"
version = "0.11.2"
source = "registry+https://github.com/rust-lang/crates.io-index"
checksum = "ab5ef0d4909ef3724cc8cce6ccc8572c5c817592e9285f5464f8e86f8bd3726e"

[[package]]
name = "heck"
version = "0.4.0"
source = "registry+https://github.com/rust-lang/crates.io-index"
checksum = "2540771e65fc8cb83cd6e8a237f70c319bd5c29f78ed1084ba5d50eeac86f7f9"

[[package]]
name = "hermit-abi"
version = "0.1.19"
source = "registry+https://github.com/rust-lang/crates.io-index"
checksum = "62b467343b94ba476dcb2500d242dadbb39557df889310ac77c5d99100aaac33"
dependencies = [
 "libc",
]

[[package]]
name = "hex"
version = "0.4.3"
source = "registry+https://github.com/rust-lang/crates.io-index"
checksum = "7f24254aa9a54b5c858eaee2f5bccdb46aaf0e486a595ed5fd8f86ba55232a70"

[[package]]
name = "indexmap"
version = "1.7.0"
source = "registry+https://github.com/rust-lang/crates.io-index"
checksum = "bc633605454125dec4b66843673f01c7df2b89479b32e0ed634e43a91cff62a5"
dependencies = [
 "autocfg",
 "hashbrown",
]

[[package]]
name = "itertools"
version = "0.10.3"
source = "registry+https://github.com/rust-lang/crates.io-index"
checksum = "a9a9d19fa1e79b6215ff29b9d6880b706147f16e9b1dbb1e4e5947b5b02bc5e3"
dependencies = [
 "either",
]

[[package]]
name = "lazy_static"
version = "1.4.0"
source = "registry+https://github.com/rust-lang/crates.io-index"
checksum = "e2abad23fbc42b3700f2f279844dc832adb2b2eb069b2df918f455c4e18cc646"

[[package]]
name = "libc"
version = "0.2.112"
source = "registry+https://github.com/rust-lang/crates.io-index"
checksum = "1b03d17f364a3a042d5e5d46b053bbbf82c92c9430c592dd4c064dc6ee997125"

[[package]]
name = "memchr"
version = "2.4.1"
source = "registry+https://github.com/rust-lang/crates.io-index"
checksum = "308cc39be01b73d0d18f82a0e7b2a3df85245f84af96fdddc5d202d27e47b86a"

[[package]]
name = "num-traits"
version = "0.2.14"
source = "registry+https://github.com/rust-lang/crates.io-index"
checksum = "9a64b1ec5cda2586e284722486d802acf1f7dbdc623e2bfc57e65ca1cd099290"
dependencies = [
 "autocfg",
]

[[package]]
name = "num_enum"
version = "0.2.3"
source = "registry+https://github.com/rust-lang/crates.io-index"
checksum = "fae2a63210048cf77ceb6031b3f87ac69e4a68cfaacb17a0261e141c4bc8467b"
dependencies = [
 "proc-macro2 0.4.30",
 "quote 0.6.13",
 "syn 0.15.44",
]

[[package]]
name = "os_str_bytes"
version = "6.0.0"
source = "registry+https://github.com/rust-lang/crates.io-index"
checksum = "8e22443d1643a904602595ba1cd8f7d896afe56d26712531c5ff73a15b2fbf64"
dependencies = [
 "memchr",
]

[[package]]
name = "proc-macro-error"
version = "1.0.4"
source = "registry+https://github.com/rust-lang/crates.io-index"
checksum = "da25490ff9892aab3fcf7c36f08cfb902dd3e71ca0f9f9517bea02a73a5ce38c"
dependencies = [
 "proc-macro-error-attr",
 "proc-macro2 1.0.36",
 "quote 1.0.14",
 "syn 1.0.84",
 "version_check",
]

[[package]]
name = "proc-macro-error-attr"
version = "1.0.4"
source = "registry+https://github.com/rust-lang/crates.io-index"
checksum = "a1be40180e52ecc98ad80b184934baf3d0d29f979574e439af5a55274b35f869"
dependencies = [
 "proc-macro2 1.0.36",
 "quote 1.0.14",
 "version_check",
]

[[package]]
name = "proc-macro2"
version = "0.4.30"
source = "registry+https://github.com/rust-lang/crates.io-index"
checksum = "cf3d2011ab5c909338f7887f4fc896d35932e29146c12c8d01da6b22a80ba759"
dependencies = [
 "unicode-xid 0.1.0",
]

[[package]]
name = "proc-macro2"
version = "1.0.36"
source = "registry+https://github.com/rust-lang/crates.io-index"
checksum = "c7342d5883fbccae1cc37a2353b09c87c9b0f3afd73f5fb9bba687a1f733b029"
dependencies = [
 "unicode-xid 0.2.2",
]

[[package]]
name = "quote"
version = "0.6.13"
source = "registry+https://github.com/rust-lang/crates.io-index"
checksum = "6ce23b6b870e8f94f81fb0a363d65d86675884b34a09043c81e5562f11c1f8e1"
dependencies = [
 "proc-macro2 0.4.30",
]

[[package]]
name = "quote"
version = "1.0.14"
source = "registry+https://github.com/rust-lang/crates.io-index"
checksum = "47aa80447ce4daf1717500037052af176af5d38cc3e571d9ec1c7353fc10c87d"
dependencies = [
 "proc-macro2 1.0.36",
]

[[package]]
name = "radium"
version = "0.5.3"
source = "registry+https://github.com/rust-lang/crates.io-index"
checksum = "941ba9d78d8e2f7ce474c015eea4d9c6d25b6a3327f9832ee29a4de27f91bbb8"

[[package]]
name = "serde"
version = "1.0.133"
source = "registry+https://github.com/rust-lang/crates.io-index"
checksum = "97565067517b60e2d1ea8b268e59ce036de907ac523ad83a0475da04e818989a"

[[package]]
name = "serde_derive"
version = "1.0.133"
source = "registry+https://github.com/rust-lang/crates.io-index"
checksum = "ed201699328568d8d08208fdd080e3ff594e6c422e438b6705905da01005d537"
dependencies = [
 "proc-macro2 1.0.36",
 "quote 1.0.14",
 "syn 1.0.84",
]

[[package]]
name = "strsim"
version = "0.10.0"
source = "registry+https://github.com/rust-lang/crates.io-index"
checksum = "73473c0e59e6d5812c5dfe2a064a6444949f089e20eec9a2e5506596494e4623"

[[package]]
name = "syn"
version = "0.15.44"
source = "registry+https://github.com/rust-lang/crates.io-index"
checksum = "9ca4b3b69a77cbe1ffc9e198781b7acb0c7365a883670e8f1c1bc66fba79a5c5"
dependencies = [
 "proc-macro2 0.4.30",
 "quote 0.6.13",
 "unicode-xid 0.1.0",
]

[[package]]
name = "syn"
version = "1.0.84"
source = "registry+https://github.com/rust-lang/crates.io-index"
checksum = "ecb2e6da8ee5eb9a61068762a32fa9619cc591ceb055b3687f4cd4051ec2e06b"
dependencies = [
 "proc-macro2 1.0.36",
 "quote 1.0.14",
 "unicode-xid 0.2.2",
]

[[package]]
name = "tap"
version = "1.0.1"
source = "registry+https://github.com/rust-lang/crates.io-index"
checksum = "55937e1799185b12863d447f42597ed69d9928686b8d88a1df17376a097d8369"

[[package]]
name = "termcolor"
version = "1.1.2"
source = "registry+https://github.com/rust-lang/crates.io-index"
checksum = "2dfed899f0eb03f32ee8c6a0aabdb8a7949659e3466561fc0adf54e26d88c5f4"
dependencies = [
 "winapi-util",
]

[[package]]
name = "textwrap"
version = "0.14.2"
source = "registry+https://github.com/rust-lang/crates.io-index"
checksum = "0066c8d12af8b5acd21e00547c3797fde4e8677254a7ee429176ccebbe93dd80"

[[package]]
name = "unicode-xid"
version = "0.1.0"
source = "registry+https://github.com/rust-lang/crates.io-index"
checksum = "fc72304796d0818e357ead4e000d19c9c174ab23dc11093ac919054d20a6a7fc"

[[package]]
name = "unicode-xid"
version = "0.2.2"
source = "registry+https://github.com/rust-lang/crates.io-index"
checksum = "8ccb82d61f80a663efe1f787a51b16b5a51e3314d6ac365b08639f52387b33f3"

[[package]]
name = "version_check"
version = "0.9.4"
source = "registry+https://github.com/rust-lang/crates.io-index"
checksum = "49874b5167b65d7193b8aba1567f5c7d93d001cafc34600cee003eda787e483f"

[[package]]
name = "winapi"
version = "0.3.9"
source = "registry+https://github.com/rust-lang/crates.io-index"
checksum = "5c839a674fcd7a98952e593242ea400abe93992746761e38641405d28b00f419"
dependencies = [
 "winapi-i686-pc-windows-gnu",
 "winapi-x86_64-pc-windows-gnu",
]

[[package]]
name = "winapi-i686-pc-windows-gnu"
version = "0.4.0"
source = "registry+https://github.com/rust-lang/crates.io-index"
checksum = "ac3b87c63620426dd9b991e5ce0329eff545bccbbb34f3be09ff6fb6ab51b7b6"

[[package]]
name = "winapi-util"
version = "0.1.5"
source = "registry+https://github.com/rust-lang/crates.io-index"
checksum = "70ec6ce85bb158151cae5e5c87f95a8e97d2c0c4b001223f33a334e3ce5de178"
dependencies = [
 "winapi",
]

[[package]]
name = "winapi-x86_64-pc-windows-gnu"
version = "0.4.0"
source = "registry+https://github.com/rust-lang/crates.io-index"
checksum = "712e227841d057c1ee1cd2fb22fa7e5a5461ae8e48fa2ca79ec42cfc1931183f"

[[package]]
name = "wyz"
version = "0.2.0"
source = "registry+https://github.com/rust-lang/crates.io-index"
checksum = "85e60b0d1b5f99db2556934e21937020776a5d31520bf169e851ac44e6420214"

[[package]]
name = "yaxpeax-6502"
version = "0.0.2"
source = "registry+https://github.com/rust-lang/crates.io-index"
checksum = "7e89d220a799f57094ad0a58c16b2c3b7730e8f1404665bee5f10e039e7c17c3"
dependencies = [
 "yaxpeax-arch",
]

[[package]]
name = "yaxpeax-arch"
version = "0.2.7"
source = "registry+https://github.com/rust-lang/crates.io-index"
checksum = "f1ba5c2f163fa2f866c36750c6c931566c6d93231ae9410083b0738953b609d5"
dependencies = [
 "num-traits",
 "serde",
 "serde_derive",
]

[[package]]
name = "yaxpeax-arm"
version = "0.2.3"
source = "registry+https://github.com/rust-lang/crates.io-index"
checksum = "2dd4915314c4ff9cb079acd1ad25245f54b2e651238da929fb79971443ea7834"
dependencies = [
 "bitvec",
 "serde",
 "serde_derive",
 "yaxpeax-arch",
]

[[package]]
name = "yaxpeax-avr"
version = "0.1.0"
source = "registry+https://github.com/rust-lang/crates.io-index"
checksum = "94153e4e363dd4b0bea761ce9615647f2a29a9c3d46d3467c776969eb2b4e91c"
dependencies = [
 "yaxpeax-arch",
]

[[package]]
name = "yaxpeax-dis"
version = "0.2.10"
dependencies = [
 "clap",
 "hex",
 "itertools",
 "num-traits",
 "yaxpeax-6502",
 "yaxpeax-arch",
 "yaxpeax-arm",
 "yaxpeax-avr",
 "yaxpeax-ia64",
 "yaxpeax-lc87",
 "yaxpeax-m16c",
 "yaxpeax-mips",
 "yaxpeax-msp430",
 "yaxpeax-pic17",
 "yaxpeax-pic18",
 "yaxpeax-superh",
 "yaxpeax-x86",
]

[[package]]
name = "yaxpeax-ia64"
version = "0.2.1"
source = "registry+https://github.com/rust-lang/crates.io-index"
checksum = "d3ea0f2b5728fb7eb1861532cd755ff7dd993843778d548df70a4aca95f9914e"
dependencies = [
 "bitvec",
 "yaxpeax-arch",
]

[[package]]
name = "yaxpeax-lc87"
version = "1.0.1"
source = "registry+https://github.com/rust-lang/crates.io-index"
checksum = "2cf556f365c2fa2104e4e9a36105d9a2f72085dfd7168c95abf4f0d7cdac0cff"
dependencies = [
 "yaxpeax-arch",
]

[[package]]
name = "yaxpeax-m16c"
version = "0.1.0"
source = "registry+https://github.com/rust-lang/crates.io-index"
checksum = "fe75dc0cf3df3eb4193e2b9bc002cf12b64a4963bd33c30998331d875789be7b"
dependencies = [
 "num-traits",
 "serde",
 "serde_derive",
 "yaxpeax-arch",
]

[[package]]
name = "yaxpeax-mips"
version = "0.1.0"
source = "registry+https://github.com/rust-lang/crates.io-index"
checksum = "8d83d243a75ff9312b78ef761596cf0bf3b625786176363d65e653a75042873a"
dependencies = [
 "num_enum",
 "yaxpeax-arch",
]

[[package]]
name = "yaxpeax-msp430"
version = "0.1.1"
source = "registry+https://github.com/rust-lang/crates.io-index"
checksum = "5de2211ec03a726b4b2a3a3f63789e8fe8e41b1e7be2e7034df44e4148f6e8be"
dependencies = [
 "yaxpeax-arch",
]

[[package]]
name = "yaxpeax-pic17"
version = "0.1.1"
source = "registry+https://github.com/rust-lang/crates.io-index"
checksum = "15ca63b323712143e563e146af6a3df21fa3c75976985ee7b157470616c15c1e"
dependencies = [
 "yaxpeax-arch",
]

[[package]]
name = "yaxpeax-pic18"
version = "0.1.1"
source = "registry+https://github.com/rust-lang/crates.io-index"
checksum = "f64bb0d36fc65721e5919e9febe316ae62cf0ba2510cddb01d1f182ddcc97f84"
dependencies = [
 "yaxpeax-arch",
]

[[package]]
name = "yaxpeax-superh"
version = "1.0.0"
source = "registry+https://github.com/rust-lang/crates.io-index"
checksum = "c5281091585bd676e16313291703e8724889d4076672fc7b4d0e5b1718c54e2c"
dependencies = [
 "bitflags",
 "yaxpeax-arch",
]

[[package]]
name = "yaxpeax-x86"
version = "1.1.5"
source = "registry+https://github.com/rust-lang/crates.io-index"
checksum = "934a0186cc9f96af563264382d03946c95d8393e8e03f18cbbadd2efa8830b53"
dependencies = [
 "cfg-if",
 "num-traits",
 "yaxpeax-arch",
]
